Microsoft Visual Studio Solution File, Format Version 12.00
# Visual Studio Version 17
# AI-assisted with OpenAI GPT-5.
VisualStudioVersion = 17.0.31903.59
MinimumVisualStudioVersion = 10.0.40219.1
Project("{F2A71F9B-5D33-465A-A702-920D77279786}") = "Maifetch", "src\Maifetch\Maifetch.fsproj", "{342BE8F4-A534-43C9-8C1F-6D43C6AB7C0B}"
EndProject
Project("{F2A71F9B-5D33-465A-A702-920D77279786}") = "Maifetch.Tests", "tests\Maifetch.Tests\Maifetch.Tests.fsproj", "{CF7698AB-C962-4DA1-81E6-9A8F41206C52}"
EndProject
Global
	GlobalSection(SolutionConfigurationPlatforms) = preSolution
		Debug|Any CPU = Debug|Any CPU
		Release|Any CPU = Release|Any CPU
	EndGlobalSection
	GlobalSection(ProjectConfigurationPlatforms) = postSolution
		{342BE8F4-A534-43C9-8C1F-6D43C6AB7C0B}.Debug|Any CPU.ActiveCfg = Debug|Any CPU
		{342BE8F4-A534-43C9-8C1F-6D43C6AB7C0B}.Debug|Any CPU.Build.0 = Debug|Any CPU
		{342BE8F4-A534-43C9-8C1F-6D43C6AB7C0B}.Release|Any CPU.ActiveCfg = Release|Any CPU
		{342BE8F4-A534-43C9-8C1F-6D43C6AB7C0B}.Release|Any CPU.Build.0 = Release|Any CPU
		{CF7698AB-C962-4DA1-81E6-9A8F41206C52}.Debug|Any CPU.ActiveCfg = Debug|Any CPU
		{CF7698AB-C962-4DA1-81E6-9A8F41206C52}.Debug|Any CPU.Build.0 = Debug|Any CPU
		{CF7698AB-C962-4DA1-81E6-9A8F41206C52}.Release|Any CPU.ActiveCfg = Release|Any CPU
		{CF7698AB-C962-4DA1-81E6-9A8F41206C52}.Release|Any CPU.Build.0 = Release|Any CPU
	EndGlobalSection
EndGlobal
